
Microsoft Visual Studio Solution File, Format Version 11.00
# Visual Studio 2010
Project("{FAE04EC0-301F-11D3-BF4B-00C04F79EFBC}") = "nhibernate-unitofwork-example", "nhibernate-unitofwork-example\nhibernate-unitofwork-example.csproj", "{1A6D1673-B3B3-4B11-9678-927BAB6AD62E}"
EndProject
Project("{FAE04EC0-301F-11D3-BF4B-00C04F79EFBC}") = "test", "test\test.csproj", "{4E8E4FBE-6C2C-4676-B62C-A37DB160E6E2}"
EndProject
Global
	GlobalSection(SolutionConfigurationPlatforms) = preSolution
		Debug|Any CPU = Debug|Any CPU
		Release|Any CPU = Release|Any CPU
	EndGlobalSection
	GlobalSection(ProjectConfigurationPlatforms) = postSolution
		{1A6D1673-B3B3-4B11-9678-927BAB6AD62E}.Debug|Any CPU.ActiveCfg = Debug|Any CPU
		{1A6D1673-B3B3-4B11-9678-927BAB6AD62E}.Debug|Any CPU.Build.0 = Debug|Any CPU
		{1A6D1673-B3B3-4B11-9678-927BAB6AD62E}.Release|Any CPU.ActiveCfg = Release|Any CPU
		{1A6D1673-B3B3-4B11-9678-927BAB6AD62E}.Release|Any CPU.Build.0 = Release|Any CPU
		{4E8E4FBE-6C2C-4676-B62C-A37DB160E6E2}.Debug|Any CPU.ActiveCfg = Debug|Any CPU
		{4E8E4FBE-6C2C-4676-B62C-A37DB160E6E2}.Debug|Any CPU.Build.0 = Debug|Any CPU
		{4E8E4FBE-6C2C-4676-B62C-A37DB160E6E2}.Release|Any CPU.ActiveCfg = Release|Any CPU
		{4E8E4FBE-6C2C-4676-B62C-A37DB160E6E2}.Release|Any CPU.Build.0 = Release|Any CPU
	EndGlobalSection
	GlobalSection(SolutionProperties) = preSolution
		HideSolutionNode = FALSE
	EndGlobalSection
EndGlobal
